// !$*UTF8*$!
{
	archiveVersion = 1;
	classes = {
	};
	objectVersion = 50;
	objects = {

/* Begin PBXBuildFile section */
		C02E6F232599B4C2000428F6 /* AppDelegate.swift in Sources */ = {isa = PBXBuildFile; fileRef = C02E6F222599B4C2000428F6 /* AppDelegate.swift */; };
		C02E6F252599B4C2000428F6 /* SceneDelegate.swift in Sources */ = {isa = PBXBuildFile; fileRef = C02E6F242599B4C2000428F6 /* SceneDelegate.swift */; };
		C02E6F272599B4C2000428F6 /* ViewController.swift in Sources */ = {isa = PBXBuildFile; fileRef = C02E6F262599B4C2000428F6 /* ViewController.swift */; };
		C02E6F2A2599B4C2000428F6 /* Main.storyboard in Resources */ = {isa = PBXBuildFile; fileRef = C02E6F282599B4C2000428F6 /* Main.storyboard */; };
		C02E6F2C2599B4C5000428F6 /* Assets.xcassets in Resources */ = {isa = PBXBuildFile; fileRef = C02E6F2B2599B4C5000428F6 /* Assets.xcassets */; };
		C02E6F2F2599B4C5000428F6 /* LaunchScreen.storyboard in Resources */ = {isa = PBXBuildFile; fileRef = C02E6F2D2599B4C5000428F6 /* LaunchScreen.storyboard */; };
		C02E6F392599D7EC000428F6 /* AboutViewController.swift in Sources */ = {isa = PBXBuildFile; fileRef = C02E6F382599D7EC000428F6 /* AboutViewController.swift */; };
		C02E6F3B259A1B1C000428F6 /* MapViewController.swift in Sources */ = {isa = PBXBuildFile; fileRef = C02E6F3A259A1B1C000428F6 /* MapViewController.swift */; };
		C02E6F3D259A2732000428F6 /* InfoManager.swift in Sources */ = {isa = PBXBuildFile; fileRef = C02E6F3C259A2732000428F6 /* InfoManager.swift */; };
		C02E6F3F259A2E3A000428F6 /* Annotation.swift in Sources */ = {isa = PBXBuildFile; fileRef = C02E6F3E259A2E3A000428F6 /* Annotation.swift */; };
		C0E6ABA525B8935A00DE2FF5 /* MoreViewController.swift in Sources */ = {isa = PBXBuildFile; fileRef = C0E6ABA425B8935A00DE2FF5 /* MoreViewController.swift */; };
/* End PBXBuildFile section */

/* Begin PBXFileReference section */
		C02E6F1F2599B4C2000428F6 /* Know Your ISS.app */ = {isa = PBXFileReference; explicitFileType = wrapper.application; includeInIndex = 0; path = "Know Your ISS.app"; sourceTree = BUILT_PRODUCTS_DIR; };
		C02E6F222599B4C2000428F6 /* AppDelegate.swift */ = {isa = PBXFileReference; lastKnownFileType = sourcecode.swift; path = AppDelegate.swift; sourceTree = "<group>"; };
		C02E6F242599B4C2000428F6 /* SceneDelegate.swift */ = {isa = PBXFileReference; lastKnownFileType = sourcecode.swift; path = SceneDelegate.swift; sourceTree = "<group>"; };
		C02E6F262599B4C2000428F6 /* ViewController.swift */ = {isa = PBXFileReference; lastKnownFileType = sourcecode.swift; path = ViewController.swift; sourceTree = "<group>"; };
		C02E6F292599B4C2000428F6 /* Base */ = {isa = PBXFileReference; lastKnownFileType = file.storyboard; name = Base; path = Base.lproj/Main.storyboard; sourceTree = "<group>"; };
		C02E6F2B2599B4C5000428F6 /* Assets.xcassets */ = {isa = PBXFileReference; lastKnownFileType = folder.assetcatalog; path = Assets.xcassets; sourceTree = "<group>"; };
		C02E6F2E2599B4C5000428F6 /* Base */ = {isa = PBXFileReference; lastKnownFileType = file.storyboard; name = Base; path = Base.lproj/LaunchScreen.storyboard; sourceTree = "<group>"; };
		C02E6F302599B4C5000428F6 /* Info.plist */ = {isa = PBXFileReference; lastKnownFileType = text.plist.xml; path = Info.plist; sourceTree = "<group>"; };
		C02E6F382599D7EC000428F6 /* AboutViewController.swift */ = {isa = PBXFileReference; lastKnownFileType = sourcecode.swift; path = AboutViewController.swift; sourceTree = "<group>"; };
		C02E6F3A259A1B1C000428F6 /* MapViewController.swift */ = {isa = PBXFileReference; lastKnownFileType = sourcecode.swift; path = MapViewController.swift; sourceTree = "<group>"; };
		C02E6F3C259A2732000428F6 /* InfoManager.swift */ = {isa = PBXFileReference; lastKnownFileType = sourcecode.swift; path = InfoManager.swift; sourceTree = "<group>"; };
		C02E6F3E259A2E3A000428F6 /* Annotation.swift */ = {isa = PBXFileReference; lastKnownFileType = sourcecode.swift; path = Annotation.swift; sourceTree = "<group>"; };
		C0E6ABA425B8935A00DE2FF5 /* MoreViewController.swift */ = {isa = PBXFileReference; lastKnownFileType = sourcecode.swift; path = MoreViewController.swift; sourceTree = "<group>"; };
/* End PBXFileReference section */

/* Begin PBXFrameworksBuildPhase section */
		C02E6F1C2599B4C2000428F6 /* Frameworks */ = {
			isa = PBXFrameworksBuildPhase;
			buildActionMask = 2147483647;
			files = (
			);
			runOnlyForDeploymentPostprocessing = 0;
		};
/* End PBXFrameworksBuildPhase section */

/* Begin PBXGroup section */
		C02E6F162599B4C2000428F6 = {
			isa = PBXGroup;
			children = (
				C02E6F212599B4C2000428F6 /* Know Your ISS */,
				C02E6F202599B4C2000428F6 /* Products */,
			);
			sourceTree = "<group>";
		};
		C02E6F202599B4C2000428F6 /* Products */ = {
			isa = PBXGroup;
			children = (
				C02E6F1F2599B4C2000428F6 /* Know Your ISS.app */,
			);
			name = Products;
			sourceTree = "<group>";
		};
		C02E6F212599B4C2000428F6 /* Know Your ISS */ = {
			isa = PBXGroup;
			children = (
				C02E6F222599B4C2000428F6 /* AppDelegate.swift */,
				C02E6F242599B4C2000428F6 /* SceneDelegate.swift */,
				C02E6F282599B4C2000428F6 /* Main.storyboard */,
				C02E6F262599B4C2000428F6 /* ViewController.swift */,
				C02E6F3A259A1B1C000428F6 /* MapViewController.swift */,
				C0E6ABA425B8935A00DE2FF5 /* MoreViewController.swift */,
				C02E6F382599D7EC000428F6 /* AboutViewController.swift */,
				C02E6F2B2599B4C5000428F6 /* Assets.xcassets */,
				C02E6F2D2599B4C5000428F6 /* LaunchScreen.storyboard */,
				C02E6F302599B4C5000428F6 /* Info.plist */,
				C02E6F3C259A2732000428F6 /* InfoManager.swift */,
				C02E6F3E259A2E3A000428F6 /* Annotation.swift */,
			);
			path = "Know Your ISS";
			sourceTree = "<group>";
		};
/* End PBXGroup section */

/* Begin PBXNativeTarget section */
		C02E6F1E2599B4C2000428F6 /* Know Your ISS */ = {
			isa = PBXNativeTarget;
			buildConfigurationList = C02E6F332599B4C5000428F6 /* Build configuration list for PBXNativeTarget "Know Your ISS" */;
			buildPhases = (
				C02E6F1B2599B4C2000428F6 /* Sources */,
				C02E6F1C2599B4C2000428F6 /* Frameworks */,
				C02E6F1D2599B4C2000428F6 /* Resources */,
			);
			buildRules = (
			);
			dependencies = (
			);
			name = "Know Your ISS";
			productName = "Know Your ISS";
			productReference = C02E6F1F2599B4C2000428F6 /* Know Your ISS.app */;
			productType = "com.apple.product-type.application";
		};
/* End PBXNativeTarget section */

/* Begin PBXProject section */
		C02E6F172599B4C2000428F6 /* Project object */ = {
			isa = PBXProject;
			attributes = {
				LastSwiftUpdateCheck = 1150;
				LastUpgradeCheck = 1150;
				ORGANIZATIONNAME = "Inesh Jupudy";
				TargetAttributes = {
					C02E6F1E2599B4C2000428F6 = {
						CreatedOnToolsVersion = 11.5;
					};
				};
			};
			buildConfigurationList = C02E6F1A2599B4C2000428F6 /* Build configuration list for PBXProject "Know Your ISS" */;
			compatibilityVersion = "Xcode 9.3";
			developmentRegion = en;
			hasScannedForEncodings = 0;
			knownRegions = (
				en,
				Base,
			);
			mainGroup = C02E6F162599B4C2000428F6;
			productRefGroup = C02E6F202599B4C2000428F6 /* Products */;
			projectDirPath = "";
			projectRoot = "";
			targets = (
				C02E6F1E2599B4C2000428F6 /* Know Your ISS */,
			);
		};
/* End PBXProject section */

/* Begin PBXResourcesBuildPhase section */
		C02E6F1D2599B4C2000428F6 /* Resources */ = {
			isa = PBXResourcesBuildPhase;
			buildActionMask = 2147483647;
			files = (
				C02E6F2F2599B4C5000428F6 /* LaunchScreen.storyboard in Resources */,
				C02E6F2C2599B4C5000428F6 /* Assets.xcassets in Resources */,
				C02E6F2A2599B4C2000428F6 /* Main.storyboard in Resources */,
			);
			runOnlyForDeploymentPostprocessing = 0;
		};
/* End PBXResourcesBuildPhase section */

/* Begin PBXSourcesBuildPhase section */
		C02E6F1B2599B4C2000428F6 /* Sources */ = {
			isa = PBXSourcesBuildPhase;
			buildActionMask = 2147483647;
			files = (
				C02E6F272599B4C2000428F6 /* ViewController.swift in Sources */,
				C02E6F232599B4C2000428F6 /* AppDelegate.swift in Sources */,
				C02E6F392599D7EC000428F6 /* AboutViewController.swift in Sources */,
				C02E6F3B259A1B1C000428F6 /* MapViewController.swift in Sources */,
				C02E6F252599B4C2000428F6 /* SceneDelegate.swift in Sources */,
				C0E6ABA525B8935A00DE2FF5 /* MoreViewController.swift in Sources */,
				C02E6F3F259A2E3A000428F6 /* Annotation.swift in Sources */,
				C02E6F3D259A2732000428F6 /* InfoManager.swift in Sources */,
			);
			runOnlyForDeploymentPostprocessing = 0;
		};
/* End PBXSourcesBuildPhase section */

/* Begin PBXVariantGroup section */
		C02E6F282599B4C2000428F6 /* Main.storyboard */ = {
			isa = PBXVariantGroup;
			children = (
				C02E6F292599B4C2000428F6 /* Base */,
			);
			name = Main.storyboard;
			sourceTree = "<group>";
		};
		C02E6F2D2599B4C5000428F6 /* LaunchScreen.storyboard */ = {
			isa = PBXVariantGroup;
			children = (
				C02E6F2E2599B4C5000428F6 /* Base */,
			);
			name = LaunchScreen.storyboard;
			sourceTree = "<group>";
		};
/* End PBXVariantGroup section */

/* Begin XCBuildConfiguration section */
		C02E6F312599B4C5000428F6 /* Debug */ = {
			isa = XCBuildConfiguration;
			buildSettings = {
				ALWAYS_SEARCH_USER_PATHS = NO;
				CLANG_ANALYZER_NONNULL = YES;
				CLANG_ANALYZER_NUMBER_OBJECT_CONVERSION = YES_AGGRESSIVE;
				CLANG_CXX_LANGUAGE_STANDARD = "gnu++14";
				CLANG_CXX_LIBRARY = "libc++";
				CLANG_ENABLE_MODULES = YES;
				CLANG_ENABLE_OBJC_ARC = YES;
				CLANG_ENABLE_OBJC_WEAK = YES;
				CLANG_WARN_BLOCK_CAPTURE_AUTORELEASING = YES;
				CLANG_WARN_BOOL_CONVERSION = YES;
				CLANG_WARN_COMMA = YES;
				CLANG_WARN_CONSTANT_CONVERSION = YES;
				CLANG_WARN_DEPRECATED_OBJC_IMPLEMENTATIONS = YES;
				CLANG_WARN_DIRECT_OBJC_ISA_USAGE = YES_ERROR;
				CLANG_WARN_DOCUMENTATION_COMMENTS = YES;
				CLANG_WARN_EMPTY_BODY = YES;
				CLANG_WARN_ENUM_CONVERSION = YES;
				CLANG_WARN_INFINITE_RECURSION = YES;
				CLANG_WARN_INT_CONVERSION = YES;
				CLANG_WARN_NON_LITERAL_NULL_CONVERSION = YES;
				CLANG_WARN_OBJC_IMPLICIT_RETAIN_SELF = YES;
				CLANG_WARN_OBJC_LITERAL_CONVERSION = YES;
				CLANG_WARN_OBJC_ROOT_CLASS = YES_ERROR;
				CLANG_WARN_RANGE_LOOP_ANALYSIS = YES;
				CLANG_WARN_STRICT_PROTOTYPES = YES;
				CLANG_WARN_SUSPICIOUS_MOVE = YES;
				CLANG_WARN_UNGUARDED_AVAILABILITY = YES_AGGRESSIVE;
				CLANG_WARN_UNREACHABLE_CODE = YES;
				CLANG_WARN__DUPLICATE_METHOD_MATCH = YES;
				COPY_PHASE_STRIP = NO;
				DEBUG_INFORMATION_FORMAT = dwarf;
				ENABLE_STRICT_OBJC_MSGSEND = YES;
				ENABLE_TESTABILITY = YES;
				GCC_C_LANGUAGE_STANDARD = gnu11;
				GCC_DYNAMIC_NO_PIC = NO;
				GCC_NO_COMMON_BLOCKS = YES;
				GCC_OPTIMIZATION_LEVEL = 0;
				GCC_PREPROCESSOR_DEFINITIONS = (
					"DEBUG=1",
					"$(inherited)",
				);
				GCC_WARN_64_TO_32_BIT_CONVERSION = YES;
				GCC_WARN_ABOUT_RETURN_TYPE = YES_ERROR;
				GCC_WARN_UNDECLARED_SELECTOR = YES;
				GCC_WARN_UNINITIALIZED_AUTOS = YES_AGGRESSIVE;
				GCC_WARN_UNUSED_FUNCTION = YES;
				GCC_WARN_UNUSED_VARIABLE = YES;
				IPHONEOS_DEPLOYMENT_TARGET = 13.5;
				MTL_ENABLE_DEBUG_INFO = INCLUDE_SOURCE;
				MTL_FAST_MATH = YES;
				ONLY_ACTIVE_ARCH = YES;
				SDKROOT = iphoneos;
				SWIFT_ACTIVE_COMPILATION_CONDITIONS = DEBUG;
				SWIFT_OPTIMIZATION_LEVEL = "-Onone";
			};
			name = Debug;
		};
		C02E6F322599B4C5000428F6 /* Release */ = {
			isa = XCBuildConfiguration;
			buildSettings = {
				ALWAYS_SEARCH_USER_PATHS = NO;
				CLANG_ANALYZER_NONNULL = YES;
				CLANG_ANALYZER_NUMBER_OBJECT_CONVERSION = YES_AGGRESSIVE;
				CLANG_CXX_LANGUAGE_STANDARD = "gnu++14";
				CLANG_CXX_LIBRARY = "libc++";
				CLANG_ENABLE_MODULES = YES;
				CLANG_ENABLE_OBJC_ARC = YES;
				CLANG_ENABLE_OBJC_WEAK = YES;
				CLANG_WARN_BLOCK_CAPTURE_AUTORELEASING = YES;
				CLANG_WARN_BOOL_CONVERSION = YES;
				CLANG_WARN_COMMA = YES;
				CLANG_WARN_CONSTANT_CONVERSION = YES;
				CLANG_WARN_DEPRECATED_OBJC_IMPLEMENTATIONS = YES;
				CLANG_WARN_DIRECT_OBJC_ISA_USAGE = YES_ERROR;
				CLANG_WARN_DOCUMENTATION_COMMENTS = YES;
				CLANG_WARN_EMPTY_BODY = YES;
				CLANG_WARN_ENUM_CONVERSION = YES;
				CLANG_WARN_INFINITE_RECURSION = YES;
				CLANG_WARN_INT_CONVERSION = YES;
				CLANG_WARN_NON_LITERAL_NULL_CONVERSION = YES;
				CLANG_WARN_OBJC_IMPLICIT_RETAIN_SELF = YES;
				CLANG_WARN_OBJC_LITERAL_CONVERSION = YES;
				CLANG_WARN_OBJC_ROOT_CLASS = YES_ERROR;
				CLANG_WARN_RANGE_LOOP_ANALYSIS = YES;
				CLANG_WARN_STRICT_PROTOTYPES = YES;
				CLANG_WARN_SUSPICIOUS_MOVE = YES;
				CLANG_WARN_UNGUARDED_AVAILABILITY = YES_AGGRESSIVE;
				CLANG_WARN_UNREACHABLE_CODE = YES;
				CLANG_WARN__DUPLICATE_METHOD_MATCH = YES;
				COPY_PHASE_STRIP = NO;
				DEBUG_INFORMATION_FORMAT = "dwarf-with-dsym";
				ENABLE_NS_ASSERTIONS = NO;
				ENABLE_STRICT_OBJC_MSGSEND = YES;
				GCC_C_LANGUAGE_STANDARD = gnu11;
				GCC_NO_COMMON_BLOCKS = YES;
				GCC_WARN_64_TO_32_BIT_CONVERSION = YES;
				GCC_WARN_ABOUT_RETURN_TYPE = YES_ERROR;
				GCC_WARN_UNDECLARED_SELECTOR = YES;
				GCC_WARN_UNINITIALIZED_AUTOS = YES_AGGRESSIVE;
				GCC_WARN_UNUSED_FUNCTION = YES;
				GCC_WARN_UNUSED_VARIABLE = YES;
				IPHONEOS_DEPLOYMENT_TARGET = 13.5;
				MTL_ENABLE_DEBUG_INFO = NO;
				MTL_FAST_MATH = YES;
				SDKROOT = iphoneos;
				SWIFT_COMPILATION_MODE = wholemodule;
				SWIFT_OPTIMIZATION_LEVEL = "-O";
				VALIDATE_PRODUCT = YES;
			};
			name = Release;
		};
		C02E6F342599B4C5000428F6 /* Debug */ = {
			isa = XCBuildConfiguration;
			buildSettings = {
				ASSETCATALOG_COMPILER_APPICON_NAME = AppIcon;
				CODE_SIGN_STYLE = Automatic;
				DEVELOPMENT_TEAM = 7T5KAAXSPG;
				INFOPLIST_FILE = "Know Your ISS/Info.plist";
				LD_RUNPATH_SEARCH_PATHS = (
					"$(inherited)",
					"@executable_path/Frameworks",
				);
				PRODUCT_BUNDLE_IDENTIFIER = "IneshJupudy.Know-Your-ISS";
				PRODUCT_NAME = "$(TARGET_NAME)";
				SWIFT_VERSION = 5.0;
				TARGETED_DEVICE_FAMILY = "1,2";
			};
			name = Debug;
		};
		C02E6F352599B4C5000428F6 /* Release */ = {
			isa = XCBuildConfiguration;
			buildSettings = {
				ASSETCATALOG_COMPILER_APPICON_NAME = AppIcon;
				CODE_SIGN_STYLE = Automatic;
				DEVELOPMENT_TEAM = 7T5KAAXSPG;
				INFOPLIST_FILE = "Know Your ISS/Info.plist";
				LD_RUNPATH_SEARCH_PATHS = (
					"$(inherited)",
					"@executable_path/Frameworks",
				);
				PRODUCT_BUNDLE_IDENTIFIER = "IneshJupudy.Know-Your-ISS";
				PRODUCT_NAME = "$(TARGET_NAME)";
				SWIFT_VERSION = 5.0;
				TARGETED_DEVICE_FAMILY = "1,2";
			};
			name = Release;
		};
/* End XCBuildConfiguration section */

/* Begin XCConfigurationList section */
		C02E6F1A2599B4C2000428F6 /* Build configuration list for PBXProject "Know Your ISS" */ = {
			isa = XCConfigurationList;
			buildConfigurations = (
				C02E6F312599B4C5000428F6 /* Debug */,
				C02E6F322599B4C5000428F6 /* Release */,
			);
			defaultConfigurationIsVisible = 0;
			defaultConfigurationName = Release;
		};
		C02E6F332599B4C5000428F6 /* Build configuration list for PBXNativeTarget "Know Your ISS" */ = {
			isa = XCConfigurationList;
			buildConfigurations = (
				C02E6F342599B4C5000428F6 /* Debug */,
				C02E6F352599B4C5000428F6 /* Release */,
			);
			defaultConfigurationIsVisible = 0;
			defaultConfigurationName = Release;
		};
/* End XCConfigurationList section */
	};
	rootObject = C02E6F172599B4C2000428F6 /* Project object */;
}
